
Microsoft Visual Studio Solution File, Format Version 12.00
# Visual Studio Version 16
Project("{2150E333-8FDC-42A3-9474-1A3956D46DE8}") = "CMakePredefinedTargets", "CMakePredefinedTargets", "{6259CB38-C7F1-34E9-A9E1-46AA58D6952F}"
EndProject
Project("{2150E333-8FDC-42A3-9474-1A3956D46DE8}") = "GLFW3", "GLFW3", "{13A0BC44-63EE-3681-960E-D4D9B73D59F2}"
EndProject
Project("{2150E333-8FDC-42A3-9474-1A3956D46DE8}") = "Examples", "GLFW3\Examples", "{EC637FAD-9175-3214-B0D4-3C18E7749730}"
EndProject
Project("{2150E333-8FDC-42A3-9474-1A3956D46DE8}") = "Tests", "GLFW3\Tests", "{3D4C9227-F1F1-3B35-860E-FD8C57624820}"
EndProject
Project("{8BC9CEB8-8B4A-11D0-8D11-00A0C91BC942}") = "ALL_BUILD", "ALL_BUILD.vcxproj", "{3F0D0CEE-579C-34C0-AA9C-34C75B9692DC}"
	ProjectSection(ProjectDependencies) = postProject
		{C2446B28-EC10-3A88-8150-D8B9C616A7D9} = {C2446B28-EC10-3A88-8150-D8B9C616A7D9}
		{3BA6E9E5-665F-388F-817D-42F5E8B8916B} = {3BA6E9E5-665F-388F-817D-42F5E8B8916B}
		{131DB242-0934-35B2-B88C-196B50BE81B0} = {131DB242-0934-35B2-B88C-196B50BE81B0}
		{A3E0CE6F-D3AC-3BF2-A475-EB36A626D412} = {A3E0CE6F-D3AC-3BF2-A475-EB36A626D412}
		{0ABCD0DB-F4D3-3CF5-8FFF-C1CDA95F33F2} = {0ABCD0DB-F4D3-3CF5-8FFF-C1CDA95F33F2}
		{A1F3F858-DCB9-3C2A-8BD1-9ECB64E94033} = {A1F3F858-DCB9-3C2A-8BD1-9ECB64E94033}
		{8184B033-8E6C-39F4-BB21-289575A6A433} = {8184B033-8E6C-39F4-BB21-289575A6A433}
		{F3A99E0A-64F4-30DD-A209-D18F40FFF089} = {F3A99E0A-64F4-30DD-A209-D18F40FFF089}
		{29E77BF7-0B37-31BA-9BFB-647818A86B1B} = {29E77BF7-0B37-31BA-9BFB-647818A86B1B}
		{8DFCBF52-966B-319C-8DAC-E7FD43D6B6FE} = {8DFCBF52-966B-319C-8DAC-E7FD43D6B6FE}
		{E82FA2E7-CDC6-3EE4-94D3-D333B2464DC1} = {E82FA2E7-CDC6-3EE4-94D3-D333B2464DC1}
		{C1C75260-6524-3A1E-90C6-75CB28DDEC94} = {C1C75260-6524-3A1E-90C6-75CB28DDEC94}
		{B8A18F00-C905-367C-BE68-CE249E94A564} = {B8A18F00-C905-367C-BE68-CE249E94A564}
		{415B7C1D-B5D0-3528-9EFE-4DDA7D7DC346} = {415B7C1D-B5D0-3528-9EFE-4DDA7D7DC346}
		{21D9F6F4-6B24-3945-ABA2-815CE22EFA5F} = {21D9F6F4-6B24-3945-ABA2-815CE22EFA5F}
		{D4EB7561-DBFA-3027-ACD3-8AAA0AE1E6F4} = {D4EB7561-DBFA-3027-ACD3-8AAA0AE1E6F4}
		{9783BA9A-38A2-3A14-A243-5374E7AC6552} = {9783BA9A-38A2-3A14-A243-5374E7AC6552}
		{E40A5C6F-92DB-31BD-A730-E7B9B94E0CB8} = {E40A5C6F-92DB-31BD-A730-E7B9B94E0CB8}
		{BC9A5ECA-2D0A-342D-897C-CDB298403EDB} = {BC9A5ECA-2D0A-342D-897C-CDB298403EDB}
		{9DA7652C-32EC-386E-AE06-4527AD51D7A3} = {9DA7652C-32EC-386E-AE06-4527AD51D7A3}
		{3976EAF4-72DE-3FD0-8D88-E00C3A5A5F95} = {3976EAF4-72DE-3FD0-8D88-E00C3A5A5F95}
		{6CD0310A-6998-3A74-8FE4-DCC8C55D7467} = {6CD0310A-6998-3A74-8FE4-DCC8C55D7467}
		{FE564E82-E28F-36E0-AE90-F79188977F02} = {FE564E82-E28F-36E0-AE90-F79188977F02}
		{38E53FE1-1E5D-38CC-A3AF-10BEDE91A0FA} = {38E53FE1-1E5D-38CC-A3AF-10BEDE91A0FA}
		{08E502EF-45A8-3EC3-9885-99F63B5CEC54} = {08E502EF-45A8-3EC3-9885-99F63B5CEC54}
		{18774810-6E7D-3B7C-97CE-1F531BF43C50} = {18774810-6E7D-3B7C-97CE-1F531BF43C50}
		{B61F8904-1CFB-3109-A197-250A15DD5E30} = {B61F8904-1CFB-3109-A197-250A15DD5E30}
		{5C06478B-851A-3BA4-8932-C57526C796FC} = {5C06478B-851A-3BA4-8932-C57526C796FC}
		{58D87197-659B-3ACB-AEC1-7DA230C63AC3} = {58D87197-659B-3ACB-AEC1-7DA230C63AC3}
		{1AEEBB9B-C534-3472-99C5-D79E1C7A955A} = {1AEEBB9B-C534-3472-99C5-D79E1C7A955A}
		{87956AB6-9C75-3D53-9C9F-1A79F3302409} = {87956AB6-9C75-3D53-9C9F-1A79F3302409}
		{E542D2C7-6757-3D3E-B759-AB53ADC694B5} = {E542D2C7-6757-3D3E-B759-AB53ADC694B5}
		{FB5B691E-D72D-3492-A576-B3DE1CCD6178} = {FB5B691E-D72D-3492-A576-B3DE1CCD6178}
	EndProjectSection
EndProject
Project("{8BC9CEB8-8B4A-11D0-8D11-00A0C91BC942}") = "INSTALL", "INSTALL.vcxproj", "{78D59B79-C3D9-3DDB-B6E2-6D8DAB393168}"
	ProjectSection(ProjectDependencies) = postProject
		{3F0D0CEE-579C-34C0-AA9C-34C75B9692DC} = {3F0D0CEE-579C-34C0-AA9C-34C75B9692DC}
		{C2446B28-EC10-3A88-8150-D8B9C616A7D9} = {C2446B28-EC10-3A88-8150-D8B9C616A7D9}
	EndProjectSection
EndProject
Project("{8BC9CEB8-8B4A-11D0-8D11-00A0C91BC942}") = "ZERO_CHECK", "ZERO_CHECK.vcxproj", "{C2446B28-EC10-3A88-8150-D8B9C616A7D9}"
	ProjectSection(ProjectDependencies) = postProject
	EndProjectSection
EndProject
Project("{8BC9CEB8-8B4A-11D0-8D11-00A0C91BC942}") = "allocator", "tests\allocator.vcxproj", "{3BA6E9E5-665F-388F-817D-42F5E8B8916B}"
	ProjectSection(ProjectDependencies) = postProject
		{C2446B28-EC10-3A88-8150-D8B9C616A7D9} = {C2446B28-EC10-3A88-8150-D8B9C616A7D9}
		{8DFCBF52-966B-319C-8DAC-E7FD43D6B6FE} = {8DFCBF52-966B-319C-8DAC-E7FD43D6B6FE}
	EndProjectSection
EndProject
Project("{8BC9CEB8-8B4A-11D0-8D11-00A0C91BC942}") = "boing", "examples\boing.vcxproj", "{131DB242-0934-35B2-B88C-196B50BE81B0}"
	ProjectSection(ProjectDependencies) = postProject
		{C2446B28-EC10-3A88-8150-D8B9C616A7D9} = {C2446B28-EC10-3A88-8150-D8B9C616A7D9}
		{8DFCBF52-966B-319C-8DAC-E7FD43D6B6FE} = {8DFCBF52-966B-319C-8DAC-E7FD43D6B6FE}
	EndProjectSection
EndProject
Project("{8BC9CEB8-8B4A-11D0-8D11-00A0C91BC942}") = "clipboard", "tests\clipboard.vcxproj", "{A3E0CE6F-D3AC-3BF2-A475-EB36A626D412}"
	ProjectSection(ProjectDependencies) = postProject
		{C2446B28-EC10-3A88-8150-D8B9C616A7D9} = {C2446B28-EC10-3A88-8150-D8B9C616A7D9}
		{8DFCBF52-966B-319C-8DAC-E7FD43D6B6FE} = {8DFCBF52-966B-319C-8DAC-E7FD43D6B6FE}
	EndProjectSection
EndProject
Project("{8BC9CEB8-8B4A-11D0-8D11-00A0C91BC942}") = "cursor", "tests\cursor.vcxproj", "{0ABCD0DB-F4D3-3CF5-8FFF-C1CDA95F33F2}"
	ProjectSection(ProjectDependencies) = postProject
		{C2446B28-EC10-3A88-8150-D8B9C616A7D9} = {C2446B28-EC10-3A88-8150-D8B9C616A7D9}
		{8DFCBF52-966B-319C-8DAC-E7FD43D6B6FE} = {8DFCBF52-966B-319C-8DAC-E7FD43D6B6FE}
	EndProjectSection
EndProject
Project("{8BC9CEB8-8B4A-11D0-8D11-00A0C91BC942}") = "empty", "tests\empty.vcxproj", "{A1F3F858-DCB9-3C2A-8BD1-9ECB64E94033}"
	ProjectSection(ProjectDependencies) = postProject
		{C2446B28-EC10-3A88-8150-D8B9C616A7D9} = {C2446B28-EC10-3A88-8150-D8B9C616A7D9}
		{8DFCBF52-966B-319C-8DAC-E7FD43D6B6FE} = {8DFCBF52-966B-319C-8DAC-E7FD43D6B6FE}
	EndProjectSection
EndProject
Project("{8BC9CEB8-8B4A-11D0-8D11-00A0C91BC942}") = "events", "tests\events.vcxproj", "{8184B033-8E6C-39F4-BB21-289575A6A433}"
	ProjectSection(ProjectDependencies) = postProject
		{C2446B28-EC10-3A88-8150-D8B9C616A7D9} = {C2446B28-EC10-3A88-8150-D8B9C616A7D9}
		{8DFCBF52-966B-319C-8DAC-E7FD43D6B6FE} = {8DFCBF52-966B-319C-8DAC-E7FD43D6B6FE}
	EndProjectSection
EndProject
Project("{8BC9CEB8-8B4A-11D0-8D11-00A0C91BC942}") = "gamma", "tests\gamma.vcxproj", "{F3A99E0A-64F4-30DD-A209-D18F40FFF089}"
	ProjectSection(ProjectDependencies) = postProject
		{C2446B28-EC10-3A88-8150-D8B9C616A7D9} = {C2446B28-EC10-3A88-8150-D8B9C616A7D9}
		{8DFCBF52-966B-319C-8DAC-E7FD43D6B6FE} = {8DFCBF52-966B-319C-8DAC-E7FD43D6B6FE}
	EndProjectSection
EndProject
Project("{8BC9CEB8-8B4A-11D0-8D11-00A0C91BC942}") = "gears", "examples\gears.vcxproj", "{29E77BF7-0B37-31BA-9BFB-647818A86B1B}"
	ProjectSection(ProjectDependencies) = postProject
		{C2446B28-EC10-3A88-8150-D8B9C616A7D9} = {C2446B28-EC10-3A88-8150-D8B9C616A7D9}
		{8DFCBF52-966B-319C-8DAC-E7FD43D6B6FE} = {8DFCBF52-966B-319C-8DAC-E7FD43D6B6FE}
	EndProjectSection
EndProject
Project("{8BC9CEB8-8B4A-11D0-8D11-00A0C91BC942}") = "glfw", "src\glfw.vcxproj", "{8DFCBF52-966B-319C-8DAC-E7FD43D6B6FE}"
	ProjectSection(ProjectDependencies) = postProject
		{C2446B28-EC10-3A88-8150-D8B9C616A7D9} = {C2446B28-EC10-3A88-8150-D8B9C616A7D9}
	EndProjectSection
EndProject
Project("{8BC9CEB8-8B4A-11D0-8D11-00A0C91BC942}") = "glfwinfo", "tests\glfwinfo.vcxproj", "{E82FA2E7-CDC6-3EE4-94D3-D333B2464DC1}"
	ProjectSection(ProjectDependencies) = postProject
		{C2446B28-EC10-3A88-8150-D8B9C616A7D9} = {C2446B28-EC10-3A88-8150-D8B9C616A7D9}
		{8DFCBF52-966B-319C-8DAC-E7FD43D6B6FE} = {8DFCBF52-966B-319C-8DAC-E7FD43D6B6FE}
	EndProjectSection
EndProject
Project("{8BC9CEB8-8B4A-11D0-8D11-00A0C91BC942}") = "heightmap", "examples\heightmap.vcxproj", "{C1C75260-6524-3A1E-90C6-75CB28DDEC94}"
	ProjectSection(ProjectDependencies) = postProject
		{C2446B28-EC10-3A88-8150-D8B9C616A7D9} = {C2446B28-EC10-3A88-8150-D8B9C616A7D9}
		{8DFCBF52-966B-319C-8DAC-E7FD43D6B6FE} = {8DFCBF52-966B-319C-8DAC-E7FD43D6B6FE}
	EndProjectSection
EndProject
Project("{8BC9CEB8-8B4A-11D0-8D11-00A0C91BC942}") = "icon", "tests\icon.vcxproj", "{B8A18F00-C905-367C-BE68-CE249E94A564}"
	ProjectSection(ProjectDependencies) = postProject
		{C2446B28-EC10-3A88-8150-D8B9C616A7D9} = {C2446B28-EC10-3A88-8150-D8B9C616A7D9}
		{8DFCBF52-966B-319C-8DAC-E7FD43D6B6FE} = {8DFCBF52-966B-319C-8DAC-E7FD43D6B6FE}
	EndProjectSection
EndProject
Project("{8BC9CEB8-8B4A-11D0-8D11-00A0C91BC942}") = "iconify", "tests\iconify.vcxproj", "{415B7C1D-B5D0-3528-9EFE-4DDA7D7DC346}"
	ProjectSection(ProjectDependencies) = postProject
		{C2446B28-EC10-3A88-8150-D8B9C616A7D9} = {C2446B28-EC10-3A88-8150-D8B9C616A7D9}
		{8DFCBF52-966B-319C-8DAC-E7FD43D6B6FE} = {8DFCBF52-966B-319C-8DAC-E7FD43D6B6FE}
	EndProjectSection
EndProject
Project("{8BC9CEB8-8B4A-11D0-8D11-00A0C91BC942}") = "inputlag", "tests\inputlag.vcxproj", "{21D9F6F4-6B24-3945-ABA2-815CE22EFA5F}"
	ProjectSection(ProjectDependencies) = postProject
		{C2446B28-EC10-3A88-8150-D8B9C616A7D9} = {C2446B28-EC10-3A88-8150-D8B9C616A7D9}
		{8DFCBF52-966B-319C-8DAC-E7FD43D6B6FE} = {8DFCBF52-966B-319C-8DAC-E7FD43D6B6FE}
	EndProjectSection
EndProject
Project("{8BC9CEB8-8B4A-11D0-8D11-00A0C91BC942}") = "joysticks", "tests\joysticks.vcxproj", "{D4EB7561-DBFA-3027-ACD3-8AAA0AE1E6F4}"
	ProjectSection(ProjectDependencies) = postProject
		{C2446B28-EC10-3A88-8150-D8B9C616A7D9} = {C2446B28-EC10-3A88-8150-D8B9C616A7D9}
		{8DFCBF52-966B-319C-8DAC-E7FD43D6B6FE} = {8DFCBF52-966B-319C-8DAC-E7FD43D6B6FE}
	EndProjectSection
EndProject
Project("{8BC9CEB8-8B4A-11D0-8D11-00A0C91BC942}") = "monitors", "tests\monitors.vcxproj", "{9783BA9A-38A2-3A14-A243-5374E7AC6552}"
	ProjectSection(ProjectDependencies) = postProject
		{C2446B28-EC10-3A88-8150-D8B9C616A7D9} = {C2446B28-EC10-3A88-8150-D8B9C616A7D9}
		{8DFCBF52-966B-319C-8DAC-E7FD43D6B6FE} = {8DFCBF52-966B-319C-8DAC-E7FD43D6B6FE}
	EndProjectSection
EndProject
Project("{8BC9CEB8-8B4A-11D0-8D11-00A0C91BC942}") = "msaa", "tests\msaa.vcxproj", "{E40A5C6F-92DB-31BD-A730-E7B9B94E0CB8}"
	ProjectSection(ProjectDependencies) = postProject
		{C2446B28-EC10-3A88-8150-D8B9C616A7D9} = {C2446B28-EC10-3A88-8150-D8B9C616A7D9}
		{8DFCBF52-966B-319C-8DAC-E7FD43D6B6FE} = {8DFCBF52-966B-319C-8DAC-E7FD43D6B6FE}
	EndProjectSection
EndProject
Project("{8BC9CEB8-8B4A-11D0-8D11-00A0C91BC942}") = "offscreen", "examples\offscreen.vcxproj", "{BC9A5ECA-2D0A-342D-897C-CDB298403EDB}"
	ProjectSection(ProjectDependencies) = postProject
		{C2446B28-EC10-3A88-8150-D8B9C616A7D9} = {C2446B28-EC10-3A88-8150-D8B9C616A7D9}
		{8DFCBF52-966B-319C-8DAC-E7FD43D6B6FE} = {8DFCBF52-966B-319C-8DAC-E7FD43D6B6FE}
	EndProjectSection
EndProject
Project("{8BC9CEB8-8B4A-11D0-8D11-00A0C91BC942}") = "particles", "examples\particles.vcxproj", "{9DA7652C-32EC-386E-AE06-4527AD51D7A3}"
	ProjectSection(ProjectDependencies) = postProject
		{C2446B28-EC10-3A88-8150-D8B9C616A7D9} = {C2446B28-EC10-3A88-8150-D8B9C616A7D9}
		{8DFCBF52-966B-319C-8DAC-E7FD43D6B6FE} = {8DFCBF52-966B-319C-8DAC-E7FD43D6B6FE}
	EndProjectSection
EndProject
Project("{8BC9CEB8-8B4A-11D0-8D11-00A0C91BC942}") = "reopen", "tests\reopen.vcxproj", "{3976EAF4-72DE-3FD0-8D88-E00C3A5A5F95}"
	ProjectSection(ProjectDependencies) = postProject
		{C2446B28-EC10-3A88-8150-D8B9C616A7D9} = {C2446B28-EC10-3A88-8150-D8B9C616A7D9}
		{8DFCBF52-966B-319C-8DAC-E7FD43D6B6FE} = {8DFCBF52-966B-319C-8DAC-E7FD43D6B6FE}
	EndProjectSection
EndProject
Project("{8BC9CEB8-8B4A-11D0-8D11-00A0C91BC942}") = "sharing", "examples\sharing.vcxproj", "{6CD0310A-6998-3A74-8FE4-DCC8C55D7467}"
	ProjectSection(ProjectDependencies) = postProject
		{C2446B28-EC10-3A88-8150-D8B9C616A7D9} = {C2446B28-EC10-3A88-8150-D8B9C616A7D9}
		{8DFCBF52-966B-319C-8DAC-E7FD43D6B6FE} = {8DFCBF52-966B-319C-8DAC-E7FD43D6B6FE}
	EndProjectSection
EndProject
Project("{8BC9CEB8-8B4A-11D0-8D11-00A0C91BC942}") = "splitview", "examples\splitview.vcxproj", "{FE564E82-E28F-36E0-AE90-F79188977F02}"
	ProjectSection(ProjectDependencies) = postProject
		{C2446B28-EC10-3A88-8150-D8B9C616A7D9} = {C2446B28-EC10-3A88-8150-D8B9C616A7D9}
		{8DFCBF52-966B-319C-8DAC-E7FD43D6B6FE} = {8DFCBF52-966B-319C-8DAC-E7FD43D6B6FE}
	EndProjectSection
EndProject
Project("{8BC9CEB8-8B4A-11D0-8D11-00A0C91BC942}") = "tearing", "tests\tearing.vcxproj", "{38E53FE1-1E5D-38CC-A3AF-10BEDE91A0FA}"
	ProjectSection(ProjectDependencies) = postProject
		{C2446B28-EC10-3A88-8150-D8B9C616A7D9} = {C2446B28-EC10-3A88-8150-D8B9C616A7D9}
		{8DFCBF52-966B-319C-8DAC-E7FD43D6B6FE} = {8DFCBF52-966B-319C-8DAC-E7FD43D6B6FE}
	EndProjectSection
EndProject
Project("{8BC9CEB8-8B4A-11D0-8D11-00A0C91BC942}") = "threads", "tests\threads.vcxproj", "{08E502EF-45A8-3EC3-9885-99F63B5CEC54}"
	ProjectSection(ProjectDependencies) = postProject
		{C2446B28-EC10-3A88-8150-D8B9C616A7D9} = {C2446B28-EC10-3A88-8150-D8B9C616A7D9}
		{8DFCBF52-966B-319C-8DAC-E7FD43D6B6FE} = {8DFCBF52-966B-319C-8DAC-E7FD43D6B6FE}
	EndProjectSection
EndProject
Project("{8BC9CEB8-8B4A-11D0-8D11-00A0C91BC942}") = "timeout", "tests\timeout.vcxproj", "{18774810-6E7D-3B7C-97CE-1F531BF43C50}"
	ProjectSection(ProjectDependencies) = postProject
		{C2446B28-EC10-3A88-8150-D8B9C616A7D9} = {C2446B28-EC10-3A88-8150-D8B9C616A7D9}
		{8DFCBF52-966B-319C-8DAC-E7FD43D6B6FE} = {8DFCBF52-966B-319C-8DAC-E7FD43D6B6FE}
	EndProjectSection
EndProject
Project("{8BC9CEB8-8B4A-11D0-8D11-00A0C91BC942}") = "title", "tests\title.vcxproj", "{B61F8904-1CFB-3109-A197-250A15DD5E30}"
	ProjectSection(ProjectDependencies) = postProject
		{C2446B28-EC10-3A88-8150-D8B9C616A7D9} = {C2446B28-EC10-3A88-8150-D8B9C616A7D9}
		{8DFCBF52-966B-319C-8DAC-E7FD43D6B6FE} = {8DFCBF52-966B-319C-8DAC-E7FD43D6B6FE}
	EndProjectSection
EndProject
Project("{8BC9CEB8-8B4A-11D0-8D11-00A0C91BC942}") = "triangle-opengl", "examples\triangle-opengl.vcxproj", "{5C06478B-851A-3BA4-8932-C57526C796FC}"
	ProjectSection(ProjectDependencies) = postProject
		{C2446B28-EC10-3A88-8150-D8B9C616A7D9} = {C2446B28-EC10-3A88-8150-D8B9C616A7D9}
		{8DFCBF52-966B-319C-8DAC-E7FD43D6B6FE} = {8DFCBF52-966B-319C-8DAC-E7FD43D6B6FE}
	EndProjectSection
EndProject
Project("{8BC9CEB8-8B4A-11D0-8D11-00A0C91BC942}") = "triangle-opengles", "examples\triangle-opengles.vcxproj", "{58D87197-659B-3ACB-AEC1-7DA230C63AC3}"
	ProjectSection(ProjectDependencies) = postProject
		{C2446B28-EC10-3A88-8150-D8B9C616A7D9} = {C2446B28-EC10-3A88-8150-D8B9C616A7D9}
		{8DFCBF52-966B-319C-8DAC-E7FD43D6B6FE} = {8DFCBF52-966B-319C-8DAC-E7FD43D6B6FE}
	EndProjectSection
EndProject
Project("{8BC9CEB8-8B4A-11D0-8D11-00A0C91BC942}") = "triangle-vulkan", "tests\triangle-vulkan.vcxproj", "{1AEEBB9B-C534-3472-99C5-D79E1C7A955A}"
	ProjectSection(ProjectDependencies) = postProject
		{C2446B28-EC10-3A88-8150-D8B9C616A7D9} = {C2446B28-EC10-3A88-8150-D8B9C616A7D9}
		{8DFCBF52-966B-319C-8DAC-E7FD43D6B6FE} = {8DFCBF52-966B-319C-8DAC-E7FD43D6B6FE}
	EndProjectSection
EndProject
Project("{8BC9CEB8-8B4A-11D0-8D11-00A0C91BC942}") = "uninstall", "uninstall.vcxproj", "{C1F3692D-E315-3862-A601-8EF1F49C46A3}"
	ProjectSection(ProjectDependencies) = postProject
		{C2446B28-EC10-3A88-8150-D8B9C616A7D9} = {C2446B28-EC10-3A88-8150-D8B9C616A7D9}
	EndProjectSection
EndProject
Project("{8BC9CEB8-8B4A-11D0-8D11-00A0C91BC942}") = "update_mappings", "src\update_mappings.vcxproj", "{CC090B2A-92B3-32AE-B41F-5CB79E7E0A2F}"
	ProjectSection(ProjectDependencies) = postProject
		{C2446B28-EC10-3A88-8150-D8B9C616A7D9} = {C2446B28-EC10-3A88-8150-D8B9C616A7D9}
	EndProjectSection
EndProject
Project("{8BC9CEB8-8B4A-11D0-8D11-00A0C91BC942}") = "wave", "examples\wave.vcxproj", "{87956AB6-9C75-3D53-9C9F-1A79F3302409}"
	ProjectSection(ProjectDependencies) = postProject
		{C2446B28-EC10-3A88-8150-D8B9C616A7D9} = {C2446B28-EC10-3A88-8150-D8B9C616A7D9}
		{8DFCBF52-966B-319C-8DAC-E7FD43D6B6FE} = {8DFCBF52-966B-319C-8DAC-E7FD43D6B6FE}
	EndProjectSection
EndProject
Project("{8BC9CEB8-8B4A-11D0-8D11-00A0C91BC942}") = "window", "tests\window.vcxproj", "{E542D2C7-6757-3D3E-B759-AB53ADC694B5}"
	ProjectSection(ProjectDependencies) = postProject
		{C2446B28-EC10-3A88-8150-D8B9C616A7D9} = {C2446B28-EC10-3A88-8150-D8B9C616A7D9}
		{8DFCBF52-966B-319C-8DAC-E7FD43D6B6FE} = {8DFCBF52-966B-319C-8DAC-E7FD43D6B6FE}
	EndProjectSection
EndProject
Project("{8BC9CEB8-8B4A-11D0-8D11-00A0C91BC942}") = "windows", "examples\windows.vcxproj", "{FB5B691E-D72D-3492-A576-B3DE1CCD6178}"
	ProjectSection(ProjectDependencies) = postProject
		{C2446B28-EC10-3A88-8150-D8B9C616A7D9} = {C2446B28-EC10-3A88-8150-D8B9C616A7D9}
		{8DFCBF52-966B-319C-8DAC-E7FD43D6B6FE} = {8DFCBF52-966B-319C-8DAC-E7FD43D6B6FE}
	EndProjectSection
EndProject
Global
	GlobalSection(SolutionConfigurationPlatforms) = preSolution
		Debug|x64 = Debug|x64
		Release|x64 = Release|x64
		MinSizeRel|x64 = MinSizeRel|x64
		RelWithDebInfo|x64 = RelWithDebInfo|x64
	EndGlobalSection
	GlobalSection(ProjectConfigurationPlatforms) = postSolution
		{3F0D0CEE-579C-34C0-AA9C-34C75B9692DC}.Debug|x64.ActiveCfg = Debug|x64
		{3F0D0CEE-579C-34C0-AA9C-34C75B9692DC}.Debug|x64.Build.0 = Debug|x64
		{3F0D0CEE-579C-34C0-AA9C-34C75B9692DC}.Release|x64.ActiveCfg = Release|x64
		{3F0D0CEE-579C-34C0-AA9C-34C75B9692DC}.Release|x64.Build.0 = Release|x64
		{3F0D0CEE-579C-34C0-AA9C-34C75B9692DC}.MinSizeRel|x64.ActiveCfg = MinSizeRel|x64
		{3F0D0CEE-579C-34C0-AA9C-34C75B9692DC}.MinSizeRel|x64.Build.0 = MinSizeRel|x64
		{3F0D0CEE-579C-34C0-AA9C-34C75B9692DC}.RelWithDebInfo|x64.ActiveCfg = RelWithDebInfo|x64
		{3F0D0CEE-579C-34C0-AA9C-34C75B9692DC}.RelWithDebInfo|x64.Build.0 = RelWithDebInfo|x64
		{78D59B79-C3D9-3DDB-B6E2-6D8DAB393168}.Debug|x64.ActiveCfg = Debug|x64
		{78D59B79-C3D9-3DDB-B6E2-6D8DAB393168}.Release|x64.ActiveCfg = Release|x64
		{78D59B79-C3D9-3DDB-B6E2-6D8DAB393168}.MinSizeRel|x64.ActiveCfg = MinSizeRel|x64
		{78D59B79-C3D9-3DDB-B6E2-6D8DAB393168}.RelWithDebInfo|x64.ActiveCfg = RelWithDebInfo|x64
		{C2446B28-EC10-3A88-8150-D8B9C616A7D9}.Debug|x64.ActiveCfg = Debug|x64
		{C2446B28-EC10-3A88-8150-D8B9C616A7D9}.Debug|x64.Build.0 = Debug|x64
		{C2446B28-EC10-3A88-8150-D8B9C616A7D9}.Release|x64.ActiveCfg = Release|x64
		{C2446B28-EC10-3A88-8150-D8B9C616A7D9}.Release|x64.Build.0 = Release|x64
		{C2446B28-EC10-3A88-8150-D8B9C616A7D9}.MinSizeRel|x64.ActiveCfg = MinSizeRel|x64
		{C2446B28-EC10-3A88-8150-D8B9C616A7D9}.MinSizeRel|x64.Build.0 = MinSizeRel|x64
		{C2446B28-EC10-3A88-8150-D8B9C616A7D9}.RelWithDebInfo|x64.ActiveCfg = RelWithDebInfo|x64
		{C2446B28-EC10-3A88-8150-D8B9C616A7D9}.RelWithDebInfo|x64.Build.0 = RelWithDebInfo|x64
		{3BA6E9E5-665F-388F-817D-42F5E8B8916B}.Debug|x64.ActiveCfg = Debug|x64
		{3BA6E9E5-665F-388F-817D-42F5E8B8916B}.Debug|x64.Build.0 = Debug|x64
		{3BA6E9E5-665F-388F-817D-42F5E8B8916B}.Release|x64.ActiveCfg = Release|x64
		{3BA6E9E5-665F-388F-817D-42F5E8B8916B}.Release|x64.Build.0 = Release|x64
		{3BA6E9E5-665F-388F-817D-42F5E8B8916B}.MinSizeRel|x64.ActiveCfg = MinSizeRel|x64
		{3BA6E9E5-665F-388F-817D-42F5E8B8916B}.MinSizeRel|x64.Build.0 = MinSizeRel|x64
		{3BA6E9E5-665F-388F-817D-42F5E8B8916B}.RelWithDebInfo|x64.ActiveCfg = RelWithDebInfo|x64
		{3BA6E9E5-665F-388F-817D-42F5E8B8916B}.RelWithDebInfo|x64.Build.0 = RelWithDebInfo|x64
		{131DB242-0934-35B2-B88C-196B50BE81B0}.Debug|x64.ActiveCfg = Debug|x64
		{131DB242-0934-35B2-B88C-196B50BE81B0}.Debug|x64.Build.0 = Debug|x64
		{131DB242-0934-35B2-B88C-196B50BE81B0}.Release|x64.ActiveCfg = Release|x64
		{131DB242-0934-35B2-B88C-196B50BE81B0}.Release|x64.Build.0 = Release|x64
		{131DB242-0934-35B2-B88C-196B50BE81B0}.MinSizeRel|x64.ActiveCfg = MinSizeRel|x64
		{131DB242-0934-35B2-B88C-196B50BE81B0}.MinSizeRel|x64.Build.0 = MinSizeRel|x64
		{131DB242-0934-35B2-B88C-196B50BE81B0}.RelWithDebInfo|x64.ActiveCfg = RelWithDebInfo|x64
		{131DB242-0934-35B2-B88C-196B50BE81B0}.RelWithDebInfo|x64.Build.0 = RelWithDebInfo|x64
		{A3E0CE6F-D3AC-3BF2-A475-EB36A626D412}.Debug|x64.ActiveCfg = Debug|x64
		{A3E0CE6F-D3AC-3BF2-A475-EB36A626D412}.Debug|x64.Build.0 = Debug|x64
		{A3E0CE6F-D3AC-3BF2-A475-EB36A626D412}.Release|x64.ActiveCfg = Release|x64
		{A3E0CE6F-D3AC-3BF2-A475-EB36A626D412}.Release|x64.Build.0 = Release|x64
		{A3E0CE6F-D3AC-3BF2-A475-EB36A626D412}.MinSizeRel|x64.ActiveCfg = MinSizeRel|x64
		{A3E0CE6F-D3AC-3BF2-A475-EB36A626D412}.MinSizeRel|x64.Build.0 = MinSizeRel|x64
		{A3E0CE6F-D3AC-3BF2-A475-EB36A626D412}.RelWithDebInfo|x64.ActiveCfg = RelWithDebInfo|x64
		{A3E0CE6F-D3AC-3BF2-A475-EB36A626D412}.RelWithDebInfo|x64.Build.0 = RelWithDebInfo|x64
		{0ABCD0DB-F4D3-3CF5-8FFF-C1CDA95F33F2}.Debug|x64.ActiveCfg = Debug|x64
		{0ABCD0DB-F4D3-3CF5-8FFF-C1CDA95F33F2}.Debug|x64.Build.0 = Debug|x64
		{0ABCD0DB-F4D3-3CF5-8FFF-C1CDA95F33F2}.Release|x64.ActiveCfg = Release|x64
		{0ABCD0DB-F4D3-3CF5-8FFF-C1CDA95F33F2}.Release|x64.Build.0 = Release|x64
		{0ABCD0DB-F4D3-3CF5-8FFF-C1CDA95F33F2}.MinSizeRel|x64.ActiveCfg = MinSizeRel|x64
		{0ABCD0DB-F4D3-3CF5-8FFF-C1CDA95F33F2}.MinSizeRel|x64.Build.0 = MinSizeRel|x64
		{0ABCD0DB-F4D3-3CF5-8FFF-C1CDA95F33F2}.RelWithDebInfo|x64.ActiveCfg = RelWithDebInfo|x64
		{0ABCD0DB-F4D3-3CF5-8FFF-C1CDA95F33F2}.RelWithDebInfo|x64.Build.0 = RelWithDebInfo|x64
		{A1F3F858-DCB9-3C2A-8BD1-9ECB64E94033}.Debug|x64.ActiveCfg = Debug|x64
		{A1F3F858-DCB9-3C2A-8BD1-9ECB64E94033}.Debug|x64.Build.0 = Debug|x64
		{A1F3F858-DCB9-3C2A-8BD1-9ECB64E94033}.Release|x64.ActiveCfg = Release|x64
		{A1F3F858-DCB9-3C2A-8BD1-9ECB64E94033}.Release|x64.Build.0 = Release|x64
		{A1F3F858-DCB9-3C2A-8BD1-9ECB64E94033}.MinSizeRel|x64.ActiveCfg = MinSizeRel|x64
		{A1F3F858-DCB9-3C2A-8BD1-9ECB64E94033}.MinSizeRel|x64.Build.0 = MinSizeRel|x64
		{A1F3F858-DCB9-3C2A-8BD1-9ECB64E94033}.RelWithDebInfo|x64.ActiveCfg = RelWithDebInfo|x64
		{A1F3F858-DCB9-3C2A-8BD1-9ECB64E94033}.RelWithDebInfo|x64.Build.0 = RelWithDebInfo|x64
		{8184B033-8E6C-39F4-BB21-289575A6A433}.Debug|x64.ActiveCfg = Debug|x64
		{8184B033-8E6C-39F4-BB21-289575A6A433}.Debug|x64.Build.0 = Debug|x64
		{8184B033-8E6C-39F4-BB21-289575A6A433}.Release|x64.ActiveCfg = Release|x64
		{8184B033-8E6C-39F4-BB21-289575A6A433}.Release|x64.Build.0 = Release|x64
		{8184B033-8E6C-39F4-BB21-289575A6A433}.MinSizeRel|x64.ActiveCfg = MinSizeRel|x64
		{8184B033-8E6C-39F4-BB21-289575A6A433}.MinSizeRel|x64.Build.0 = MinSizeRel|x64
		{8184B033-8E6C-39F4-BB21-289575A6A433}.RelWithDebInfo|x64.ActiveCfg = RelWithDebInfo|x64
		{8184B033-8E6C-39F4-BB21-289575A6A433}.RelWithDebInfo|x64.Build.0 = RelWithDebInfo|x64
		{F3A99E0A-64F4-30DD-A209-D18F40FFF089}.Debug|x64.ActiveCfg = Debug|x64
		{F3A99E0A-64F4-30DD-A209-D18F40FFF089}.Debug|x64.Build.0 = Debug|x64
		{F3A99E0A-64F4-30DD-A209-D18F40FFF089}.Release|x64.ActiveCfg = Release|x64
		{F3A99E0A-64F4-30DD-A209-D18F40FFF089}.Release|x64.Build.0 = Release|x64
		{F3A99E0A-64F4-30DD-A209-D18F40FFF089}.MinSizeRel|x64.ActiveCfg = MinSizeRel|x64
		{F3A99E0A-64F4-30DD-A209-D18F40FFF089}.MinSizeRel|x64.Build.0 = MinSizeRel|x64
		{F3A99E0A-64F4-30DD-A209-D18F40FFF089}.RelWithDebInfo|x64.ActiveCfg = RelWithDebInfo|x64
		{F3A99E0A-64F4-30DD-A209-D18F40FFF089}.RelWithDebInfo|x64.Build.0 = RelWithDebInfo|x64
		{29E77BF7-0B37-31BA-9BFB-647818A86B1B}.Debug|x64.ActiveCfg = Debug|x64
		{29E77BF7-0B37-31BA-9BFB-647818A86B1B}.Debug|x64.Build.0 = Debug|x64
		{29E77BF7-0B37-31BA-9BFB-647818A86B1B}.Release|x64.ActiveCfg = Release|x64
		{29E77BF7-0B37-31BA-9BFB-647818A86B1B}.Release|x64.Build.0 = Release|x64
		{29E77BF7-0B37-31BA-9BFB-647818A86B1B}.MinSizeRel|x64.ActiveCfg = MinSizeRel|x64
		{29E77BF7-0B37-31BA-9BFB-647818A86B1B}.MinSizeRel|x64.Build.0 = MinSizeRel|x64
		{29E77BF7-0B37-31BA-9BFB-647818A86B1B}.RelWithDebInfo|x64.ActiveCfg = RelWithDebInfo|x64
		{29E77BF7-0B37-31BA-9BFB-647818A86B1B}.RelWithDebInfo|x64.Build.0 = RelWithDebInfo|x64
		{8DFCBF52-966B-319C-8DAC-E7FD43D6B6FE}.Debug|x64.ActiveCfg = Debug|x64
		{8DFCBF52-966B-319C-8DAC-E7FD43D6B6FE}.Debug|x64.Build.0 = Debug|x64
		{8DFCBF52-966B-319C-8DAC-E7FD43D6B6FE}.Release|x64.ActiveCfg = Release|x64
		{8DFCBF52-966B-319C-8DAC-E7FD43D6B6FE}.Release|x64.Build.0 = Release|x64
		{8DFCBF52-966B-319C-8DAC-E7FD43D6B6FE}.MinSizeRel|x64.ActiveCfg = MinSizeRel|x64
		{8DFCBF52-966B-319C-8DAC-E7FD43D6B6FE}.MinSizeRel|x64.Build.0 = MinSizeRel|x64
		{8DFCBF52-966B-319C-8DAC-E7FD43D6B6FE}.RelWithDebInfo|x64.ActiveCfg = RelWithDebInfo|x64
		{8DFCBF52-966B-319C-8DAC-E7FD43D6B6FE}.RelWithDebInfo|x64.Build.0 = RelWithDebInfo|x64
		{E82FA2E7-CDC6-3EE4-94D3-D333B2464DC1}.Debug|x64.ActiveCfg = Debug|x64
		{E82FA2E7-CDC6-3EE4-94D3-D333B2464DC1}.Debug|x64.Build.0 = Debug|x64
		{E82FA2E7-CDC6-3EE4-94D3-D333B2464DC1}.Release|x64.ActiveCfg = Release|x64
		{E82FA2E7-CDC6-3EE4-94D3-D333B2464DC1}.Release|x64.Build.0 = Release|x64
		{E82FA2E7-CDC6-3EE4-94D3-D333B2464DC1}.MinSizeRel|x64.ActiveCfg = MinSizeRel|x64
		{E82FA2E7-CDC6-3EE4-94D3-D333B2464DC1}.MinSizeRel|x64.Build.0 = MinSizeRel|x64
		{E82FA2E7-CDC6-3EE4-94D3-D333B2464DC1}.RelWithDebInfo|x64.ActiveCfg = RelWithDebInfo|x64
		{E82FA2E7-CDC6-3EE4-94D3-D333B2464DC1}.RelWithDebInfo|x64.Build.0 = RelWithDebInfo|x64
		{C1C75260-6524-3A1E-90C6-75CB28DDEC94}.Debug|x64.ActiveCfg = Debug|x64
		{C1C75260-6524-3A1E-90C6-75CB28DDEC94}.Debug|x64.Build.0 = Debug|x64
		{C1C75260-6524-3A1E-90C6-75CB28DDEC94}.Release|x64.ActiveCfg = Release|x64
		{C1C75260-6524-3A1E-90C6-75CB28DDEC94}.Release|x64.Build.0 = Release|x64
		{C1C75260-6524-3A1E-90C6-75CB28DDEC94}.MinSizeRel|x64.ActiveCfg = MinSizeRel|x64
		{C1C75260-6524-3A1E-90C6-75CB28DDEC94}.MinSizeRel|x64.Build.0 = MinSizeRel|x64
		{C1C75260-6524-3A1E-90C6-75CB28DDEC94}.RelWithDebInfo|x64.ActiveCfg = RelWithDebInfo|x64
		{C1C75260-6524-3A1E-90C6-75CB28DDEC94}.RelWithDebInfo|x64.Build.0 = RelWithDebInfo|x64
		{B8A18F00-C905-367C-BE68-CE249E94A564}.Debug|x64.ActiveCfg = Debug|x64
		{B8A18F00-C905-367C-BE68-CE249E94A564}.Debug|x64.Build.0 = Debug|x64
		{B8A18F00-C905-367C-BE68-CE249E94A564}.Release|x64.ActiveCfg = Release|x64
		{B8A18F00-C905-367C-BE68-CE249E94A564}.Release|x64.Build.0 = Release|x64
		{B8A18F00-C905-367C-BE68-CE249E94A564}.MinSizeRel|x64.ActiveCfg = MinSizeRel|x64
		{B8A18F00-C905-367C-BE68-CE249E94A564}.MinSizeRel|x64.Build.0 = MinSizeRel|x64
		{B8A18F00-C905-367C-BE68-CE249E94A564}.RelWithDebInfo|x64.ActiveCfg = RelWithDebInfo|x64
		{B8A18F00-C905-367C-BE68-CE249E94A564}.RelWithDebInfo|x64.Build.0 = RelWithDebInfo|x64
		{415B7C1D-B5D0-3528-9EFE-4DDA7D7DC346}.Debug|x64.ActiveCfg = Debug|x64
		{415B7C1D-B5D0-3528-9EFE-4DDA7D7DC346}.Debug|x64.Build.0 = Debug|x64
		{415B7C1D-B5D0-3528-9EFE-4DDA7D7DC346}.Release|x64.ActiveCfg = Release|x64
		{415B7C1D-B5D0-3528-9EFE-4DDA7D7DC346}.Release|x64.Build.0 = Release|x64
		{415B7C1D-B5D0-3528-9EFE-4DDA7D7DC346}.MinSizeRel|x64.ActiveCfg = MinSizeRel|x64
		{415B7C1D-B5D0-3528-9EFE-4DDA7D7DC346}.MinSizeRel|x64.Build.0 = MinSizeRel|x64
		{415B7C1D-B5D0-3528-9EFE-4DDA7D7DC346}.RelWithDebInfo|x64.ActiveCfg = RelWithDebInfo|x64
		{415B7C1D-B5D0-3528-9EFE-4DDA7D7DC346}.RelWithDebInfo|x64.Build.0 = RelWithDebInfo|x64
		{21D9F6F4-6B24-3945-ABA2-815CE22EFA5F}.Debug|x64.ActiveCfg = Debug|x64
		{21D9F6F4-6B24-3945-ABA2-815CE22EFA5F}.Debug|x64.Build.0 = Debug|x64
		{21D9F6F4-6B24-3945-ABA2-815CE22EFA5F}.Release|x64.ActiveCfg = Release|x64
		{21D9F6F4-6B24-3945-ABA2-815CE22EFA5F}.Release|x64.Build.0 = Release|x64
		{21D9F6F4-6B24-3945-ABA2-815CE22EFA5F}.MinSizeRel|x64.ActiveCfg = MinSizeRel|x64
		{21D9F6F4-6B24-3945-ABA2-815CE22EFA5F}.MinSizeRel|x64.Build.0 = MinSizeRel|x64
		{21D9F6F4-6B24-3945-ABA2-815CE22EFA5F}.RelWithDebInfo|x64.ActiveCfg = RelWithDebInfo|x64
		{21D9F6F4-6B24-3945-ABA2-815CE22EFA5F}.RelWithDebInfo|x64.Build.0 = RelWithDebInfo|x64
		{D4EB7561-DBFA-3027-ACD3-8AAA0AE1E6F4}.Debug|x64.ActiveCfg = Debug|x64
		{D4EB7561-DBFA-3027-ACD3-8AAA0AE1E6F4}.Debug|x64.Build.0 = Debug|x64
		{D4EB7561-DBFA-3027-ACD3-8AAA0AE1E6F4}.Release|x64.ActiveCfg = Release|x64
		{D4EB7561-DBFA-3027-ACD3-8AAA0AE1E6F4}.Release|x64.Build.0 = Release|x64
		{D4EB7561-DBFA-3027-ACD3-8AAA0AE1E6F4}.MinSizeRel|x64.ActiveCfg = MinSizeRel|x64
		{D4EB7561-DBFA-3027-ACD3-8AAA0AE1E6F4}.MinSizeRel|x64.Build.0 = MinSizeRel|x64
		{D4EB7561-DBFA-3027-ACD3-8AAA0AE1E6F4}.RelWithDebInfo|x64.ActiveCfg = RelWithDebInfo|x64
		{D4EB7561-DBFA-3027-ACD3-8AAA0AE1E6F4}.RelWithDebInfo|x64.Build.0 = RelWithDebInfo|x64
		{9783BA9A-38A2-3A14-A243-5374E7AC6552}.Debug|x64.ActiveCfg = Debug|x64
		{9783BA9A-38A2-3A14-A243-5374E7AC6552}.Debug|x64.Build.0 = Debug|x64
		{9783BA9A-38A2-3A14-A243-5374E7AC6552}.Release|x64.ActiveCfg = Release|x64
		{9783BA9A-38A2-3A14-A243-5374E7AC6552}.Release|x64.Build.0 = Release|x64
		{9783BA9A-38A2-3A14-A243-5374E7AC6552}.MinSizeRel|x64.ActiveCfg = MinSizeRel|x64
		{9783BA9A-38A2-3A14-A243-5374E7AC6552}.MinSizeRel|x64.Build.0 = MinSizeRel|x64
		{9783BA9A-38A2-3A14-A243-5374E7AC6552}.RelWithDebInfo|x64.ActiveCfg = RelWithDebInfo|x64
		{9783BA9A-38A2-3A14-A243-5374E7AC6552}.RelWithDebInfo|x64.Build.0 = RelWithDebInfo|x64
		{E40A5C6F-92DB-31BD-A730-E7B9B94E0CB8}.Debug|x64.ActiveCfg = Debug|x64
		{E40A5C6F-92DB-31BD-A730-E7B9B94E0CB8}.Debug|x64.Build.0 = Debug|x64
		{E40A5C6F-92DB-31BD-A730-E7B9B94E0CB8}.Release|x64.ActiveCfg = Release|x64
		{E40A5C6F-92DB-31BD-A730-E7B9B94E0CB8}.Release|x64.Build.0 = Release|x64
		{E40A5C6F-92DB-31BD-A730-E7B9B94E0CB8}.MinSizeRel|x64.ActiveCfg = MinSizeRel|x64
		{E40A5C6F-92DB-31BD-A730-E7B9B94E0CB8}.MinSizeRel|x64.Build.0 = MinSizeRel|x64
		{E40A5C6F-92DB-31BD-A730-E7B9B94E0CB8}.RelWithDebInfo|x64.ActiveCfg = RelWithDebInfo|x64
		{E40A5C6F-92DB-31BD-A730-E7B9B94E0CB8}.RelWithDebInfo|x64.Build.0 = RelWithDebInfo|x64
		{BC9A5ECA-2D0A-342D-897C-CDB298403EDB}.Debug|x64.ActiveCfg = Debug|x64
		{BC9A5ECA-2D0A-342D-897C-CDB298403EDB}.Debug|x64.Build.0 = Debug|x64
		{BC9A5ECA-2D0A-342D-897C-CDB298403EDB}.Release|x64.ActiveCfg = Release|x64
		{BC9A5ECA-2D0A-342D-897C-CDB298403EDB}.Release|x64.Build.0 = Release|x64
		{BC9A5ECA-2D0A-342D-897C-CDB298403EDB}.MinSizeRel|x64.ActiveCfg = MinSizeRel|x64
		{BC9A5ECA-2D0A-342D-897C-CDB298403EDB}.MinSizeRel|x64.Build.0 = MinSizeRel|x64
		{BC9A5ECA-2D0A-342D-897C-CDB298403EDB}.RelWithDebInfo|x64.ActiveCfg = RelWithDebInfo|x64
		{BC9A5ECA-2D0A-342D-897C-CDB298403EDB}.RelWithDebInfo|x64.Build.0 = RelWithDebInfo|x64
		{9DA7652C-32EC-386E-AE06-4527AD51D7A3}.Debug|x64.ActiveCfg = Debug|x64
		{9DA7652C-32EC-386E-AE06-4527AD51D7A3}.Debug|x64.Build.0 = Debug|x64
		{9DA7652C-32EC-386E-AE06-4527AD51D7A3}.Release|x64.ActiveCfg = Release|x64
		{9DA7652C-32EC-386E-AE06-4527AD51D7A3}.Release|x64.Build.0 = Release|x64
		{9DA7652C-32EC-386E-AE06-4527AD51D7A3}.MinSizeRel|x64.ActiveCfg = MinSizeRel|x64
		{9DA7652C-32EC-386E-AE06-4527AD51D7A3}.MinSizeRel|x64.Build.0 = MinSizeRel|x64
		{9DA7652C-32EC-386E-AE06-4527AD51D7A3}.RelWithDebInfo|x64.ActiveCfg = RelWithDebInfo|x64
		{9DA7652C-32EC-386E-AE06-4527AD51D7A3}.RelWithDebInfo|x64.Build.0 = RelWithDebInfo|x64
		{3976EAF4-72DE-3FD0-8D88-E00C3A5A5F95}.Debug|x64.ActiveCfg = Debug|x64
		{3976EAF4-72DE-3FD0-8D88-E00C3A5A5F95}.Debug|x64.Build.0 = Debug|x64
		{3976EAF4-72DE-3FD0-8D88-E00C3A5A5F95}.Release|x64.ActiveCfg = Release|x64
		{3976EAF4-72DE-3FD0-8D88-E00C3A5A5F95}.Release|x64.Build.0 = Release|x64
		{3976EAF4-72DE-3FD0-8D88-E00C3A5A5F95}.MinSizeRel|x64.ActiveCfg = MinSizeRel|x64
		{3976EAF4-72DE-3FD0-8D88-E00C3A5A5F95}.MinSizeRel|x64.Build.0 = MinSizeRel|x64
		{3976EAF4-72DE-3FD0-8D88-E00C3A5A5F95}.RelWithDebInfo|x64.ActiveCfg = RelWithDebInfo|x64
		{3976EAF4-72DE-3FD0-8D88-E00C3A5A5F95}.RelWithDebInfo|x64.Build.0 = RelWithDebInfo|x64
		{6CD0310A-6998-3A74-8FE4-DCC8C55D7467}.Debug|x64.ActiveCfg = Debug|x64
		{6CD0310A-6998-3A74-8FE4-DCC8C55D7467}.Debug|x64.Build.0 = Debug|x64
		{6CD0310A-6998-3A74-8FE4-DCC8C55D7467}.Release|x64.ActiveCfg = Release|x64
		{6CD0310A-6998-3A74-8FE4-DCC8C55D7467}.Release|x64.Build.0 = Release|x64
		{6CD0310A-6998-3A74-8FE4-DCC8C55D7467}.MinSizeRel|x64.ActiveCfg = MinSizeRel|x64
		{6CD0310A-6998-3A74-8FE4-DCC8C55D7467}.MinSizeRel|x64.Build.0 = MinSizeRel|x64
		{6CD0310A-6998-3A74-8FE4-DCC8C55D7467}.RelWithDebInfo|x64.ActiveCfg = RelWithDebInfo|x64
		{6CD0310A-6998-3A74-8FE4-DCC8C55D7467}.RelWithDebInfo|x64.Build.0 = RelWithDebInfo|x64
		{FE564E82-E28F-36E0-AE90-F79188977F02}.Debug|x64.ActiveCfg = Debug|x64
		{FE564E82-E28F-36E0-AE90-F79188977F02}.Debug|x64.Build.0 = Debug|x64
		{FE564E82-E28F-36E0-AE90-F79188977F02}.Release|x64.ActiveCfg = Release|x64
		{FE564E82-E28F-36E0-AE90-F79188977F02}.Release|x64.Build.0 = Release|x64
		{FE564E82-E28F-36E0-AE90-F79188977F02}.MinSizeRel|x64.ActiveCfg = MinSizeRel|x64
		{FE564E82-E28F-36E0-AE90-F79188977F02}.MinSizeRel|x64.Build.0 = MinSizeRel|x64
		{FE564E82-E28F-36E0-AE90-F79188977F02}.RelWithDebInfo|x64.ActiveCfg = RelWithDebInfo|x64
		{FE564E82-E28F-36E0-AE90-F79188977F02}.RelWithDebInfo|x64.Build.0 = RelWithDebInfo|x64
		{38E53FE1-1E5D-38CC-A3AF-10BEDE91A0FA}.Debug|x64.ActiveCfg = Debug|x64
		{38E53FE1-1E5D-38CC-A3AF-10BEDE91A0FA}.Debug|x64.Build.0 = Debug|x64
		{38E53FE1-1E5D-38CC-A3AF-10BEDE91A0FA}.Release|x64.ActiveCfg = Release|x64
		{38E53FE1-1E5D-38CC-A3AF-10BEDE91A0FA}.Release|x64.Build.0 = Release|x64
		{38E53FE1-1E5D-38CC-A3AF-10BEDE91A0FA}.MinSizeRel|x64.ActiveCfg = MinSizeRel|x64
		{38E53FE1-1E5D-38CC-A3AF-10BEDE91A0FA}.MinSizeRel|x64.Build.0 = MinSizeRel|x64
		{38E53FE1-1E5D-38CC-A3AF-10BEDE91A0FA}.RelWithDebInfo|x64.ActiveCfg = RelWithDebInfo|x64
		{38E53FE1-1E5D-38CC-A3AF-10BEDE91A0FA}.RelWithDebInfo|x64.Build.0 = RelWithDebInfo|x64
		{08E502EF-45A8-3EC3-9885-99F63B5CEC54}.Debug|x64.ActiveCfg = Debug|x64
		{08E502EF-45A8-3EC3-9885-99F63B5CEC54}.Debug|x64.Build.0 = Debug|x64
		{08E502EF-45A8-3EC3-9885-99F63B5CEC54}.Release|x64.ActiveCfg = Release|x64
		{08E502EF-45A8-3EC3-9885-99F63B5CEC54}.Release|x64.Build.0 = Release|x64
		{08E502EF-45A8-3EC3-9885-99F63B5CEC54}.MinSizeRel|x64.ActiveCfg = MinSizeRel|x64
		{08E502EF-45A8-3EC3-9885-99F63B5CEC54}.MinSizeRel|x64.Build.0 = MinSizeRel|x64
		{08E502EF-45A8-3EC3-9885-99F63B5CEC54}.RelWithDebInfo|x64.ActiveCfg = RelWithDebInfo|x64
		{08E502EF-45A8-3EC3-9885-99F63B5CEC54}.RelWithDebInfo|x64.Build.0 = RelWithDebInfo|x64
		{18774810-6E7D-3B7C-97CE-1F531BF43C50}.Debug|x64.ActiveCfg = Debug|x64
		{18774810-6E7D-3B7C-97CE-1F531BF43C50}.Debug|x64.Build.0 = Debug|x64
		{18774810-6E7D-3B7C-97CE-1F531BF43C50}.Release|x64.ActiveCfg = Release|x64
		{18774810-6E7D-3B7C-97CE-1F531BF43C50}.Release|x64.Build.0 = Release|x64
		{18774810-6E7D-3B7C-97CE-1F531BF43C50}.MinSizeRel|x64.ActiveCfg = MinSizeRel|x64
		{18774810-6E7D-3B7C-97CE-1F531BF43C50}.MinSizeRel|x64.Build.0 = MinSizeRel|x64
		{18774810-6E7D-3B7C-97CE-1F531BF43C50}.RelWithDebInfo|x64.ActiveCfg = RelWithDebInfo|x64
		{18774810-6E7D-3B7C-97CE-1F531BF43C50}.RelWithDebInfo|x64.Build.0 = RelWithDebInfo|x64
		{B61F8904-1CFB-3109-A197-250A15DD5E30}.Debug|x64.ActiveCfg = Debug|x64
		{B61F8904-1CFB-3109-A197-250A15DD5E30}.Debug|x64.Build.0 = Debug|x64
		{B61F8904-1CFB-3109-A197-250A15DD5E30}.Release|x64.ActiveCfg = Release|x64
		{B61F8904-1CFB-3109-A197-250A15DD5E30}.Release|x64.Build.0 = Release|x64
		{B61F8904-1CFB-3109-A197-250A15DD5E30}.MinSizeRel|x64.ActiveCfg = MinSizeRel|x64
		{B61F8904-1CFB-3109-A197-250A15DD5E30}.MinSizeRel|x64.Build.0 = MinSizeRel|x64
		{B61F8904-1CFB-3109-A197-250A15DD5E30}.RelWithDebInfo|x64.ActiveCfg = RelWithDebInfo|x64
		{B61F8904-1CFB-3109-A197-250A15DD5E30}.RelWithDebInfo|x64.Build.0 = RelWithDebInfo|x64
		{5C06478B-851A-3BA4-8932-C57526C796FC}.Debug|x64.ActiveCfg = Debug|x64
		{5C06478B-851A-3BA4-8932-C57526C796FC}.Debug|x64.Build.0 = Debug|x64
		{5C06478B-851A-3BA4-8932-C57526C796FC}.Release|x64.ActiveCfg = Release|x64
		{5C06478B-851A-3BA4-8932-C57526C796FC}.Release|x64.Build.0 = Release|x64
		{5C06478B-851A-3BA4-8932-C57526C796FC}.MinSizeRel|x64.ActiveCfg = MinSizeRel|x64
		{5C06478B-851A-3BA4-8932-C57526C796FC}.MinSizeRel|x64.Build.0 = MinSizeRel|x64
		{5C06478B-851A-3BA4-8932-C57526C796FC}.RelWithDebInfo|x64.ActiveCfg = RelWithDebInfo|x64
		{5C06478B-851A-3BA4-8932-C57526C796FC}.RelWithDebInfo|x64.Build.0 = RelWithDebInfo|x64
		{58D87197-659B-3ACB-AEC1-7DA230C63AC3}.Debug|x64.ActiveCfg = Debug|x64
		{58D87197-659B-3ACB-AEC1-7DA230C63AC3}.Debug|x64.Build.0 = Debug|x64
		{58D87197-659B-3ACB-AEC1-7DA230C63AC3}.Release|x64.ActiveCfg = Release|x64
		{58D87197-659B-3ACB-AEC1-7DA230C63AC3}.Release|x64.Build.0 = Release|x64
		{58D87197-659B-3ACB-AEC1-7DA230C63AC3}.MinSizeRel|x64.ActiveCfg = MinSizeRel|x64
		{58D87197-659B-3ACB-AEC1-7DA230C63AC3}.MinSizeRel|x64.Build.0 = MinSizeRel|x64
		{58D87197-659B-3ACB-AEC1-7DA230C63AC3}.RelWithDebInfo|x64.ActiveCfg = RelWithDebInfo|x64
		{58D87197-659B-3ACB-AEC1-7DA230C63AC3}.RelWithDebInfo|x64.Build.0 = RelWithDebInfo|x64
		{1AEEBB9B-C534-3472-99C5-D79E1C7A955A}.Debug|x64.ActiveCfg = Debug|x64
		{1AEEBB9B-C534-3472-99C5-D79E1C7A955A}.Debug|x64.Build.0 = Debug|x64
		{1AEEBB9B-C534-3472-99C5-D79E1C7A955A}.Release|x64.ActiveCfg = Release|x64
		{1AEEBB9B-C534-3472-99C5-D79E1C7A955A}.Release|x64.Build.0 = Release|x64
		{1AEEBB9B-C534-3472-99C5-D79E1C7A955A}.MinSizeRel|x64.ActiveCfg = MinSizeRel|x64
		{1AEEBB9B-C534-3472-99C5-D79E1C7A955A}.MinSizeRel|x64.Build.0 = MinSizeRel|x64
		{1AEEBB9B-C534-3472-99C5-D79E1C7A955A}.RelWithDebInfo|x64.ActiveCfg = RelWithDebInfo|x64
		{1AEEBB9B-C534-3472-99C5-D79E1C7A955A}.RelWithDebInfo|x64.Build.0 = RelWithDebInfo|x64
		{C1F3692D-E315-3862-A601-8EF1F49C46A3}.Debug|x64.ActiveCfg = Debug|x64
		{C1F3692D-E315-3862-A601-8EF1F49C46A3}.Release|x64.ActiveCfg = Release|x64
		{C1F3692D-E315-3862-A601-8EF1F49C46A3}.MinSizeRel|x64.ActiveCfg = MinSizeRel|x64
		{C1F3692D-E315-3862-A601-8EF1F49C46A3}.RelWithDebInfo|x64.ActiveCfg = RelWithDebInfo|x64
		{CC090B2A-92B3-32AE-B41F-5CB79E7E0A2F}.Debug|x64.ActiveCfg = Debug|x64
		{CC090B2A-92B3-32AE-B41F-5CB79E7E0A2F}.Release|x64.ActiveCfg = Release|x64
		{CC090B2A-92B3-32AE-B41F-5CB79E7E0A2F}.MinSizeRel|x64.ActiveCfg = MinSizeRel|x64
		{CC090B2A-92B3-32AE-B41F-5CB79E7E0A2F}.RelWithDebInfo|x64.ActiveCfg = RelWithDebInfo|x64
		{87956AB6-9C75-3D53-9C9F-1A79F3302409}.Debug|x64.ActiveCfg = Debug|x64
		{87956AB6-9C75-3D53-9C9F-1A79F3302409}.Debug|x64.Build.0 = Debug|x64
		{87956AB6-9C75-3D53-9C9F-1A79F3302409}.Release|x64.ActiveCfg = Release|x64
		{87956AB6-9C75-3D53-9C9F-1A79F3302409}.Release|x64.Build.0 = Release|x64
		{87956AB6-9C75-3D53-9C9F-1A79F3302409}.MinSizeRel|x64.ActiveCfg = MinSizeRel|x64
		{87956AB6-9C75-3D53-9C9F-1A79F3302409}.MinSizeRel|x64.Build.0 = MinSizeRel|x64
		{87956AB6-9C75-3D53-9C9F-1A79F3302409}.RelWithDebInfo|x64.ActiveCfg = RelWithDebInfo|x64
		{87956AB6-9C75-3D53-9C9F-1A79F3302409}.RelWithDebInfo|x64.Build.0 = RelWithDebInfo|x64
		{E542D2C7-6757-3D3E-B759-AB53ADC694B5}.Debug|x64.ActiveCfg = Debug|x64
		{E542D2C7-6757-3D3E-B759-AB53ADC694B5}.Debug|x64.Build.0 = Debug|x64
		{E542D2C7-6757-3D3E-B759-AB53ADC694B5}.Release|x64.ActiveCfg = Release|x64
		{E542D2C7-6757-3D3E-B759-AB53ADC694B5}.Release|x64.Build.0 = Release|x64
		{E542D2C7-6757-3D3E-B759-AB53ADC694B5}.MinSizeRel|x64.ActiveCfg = MinSizeRel|x64
		{E542D2C7-6757-3D3E-B759-AB53ADC694B5}.MinSizeRel|x64.Build.0 = MinSizeRel|x64
		{E542D2C7-6757-3D3E-B759-AB53ADC694B5}.RelWithDebInfo|x64.ActiveCfg = RelWithDebInfo|x64
		{E542D2C7-6757-3D3E-B759-AB53ADC694B5}.RelWithDebInfo|x64.Build.0 = RelWithDebInfo|x64
		{FB5B691E-D72D-3492-A576-B3DE1CCD6178}.Debug|x64.ActiveCfg = Debug|x64
		{FB5B691E-D72D-3492-A576-B3DE1CCD6178}.Debug|x64.Build.0 = Debug|x64
		{FB5B691E-D72D-3492-A576-B3DE1CCD6178}.Release|x64.ActiveCfg = Release|x64
		{FB5B691E-D72D-3492-A576-B3DE1CCD6178}.Release|x64.Build.0 = Release|x64
		{FB5B691E-D72D-3492-A576-B3DE1CCD6178}.MinSizeRel|x64.ActiveCfg = MinSizeRel|x64
		{FB5B691E-D72D-3492-A576-B3DE1CCD6178}.MinSizeRel|x64.Build.0 = MinSizeRel|x64
		{FB5B691E-D72D-3492-A576-B3DE1CCD6178}.RelWithDebInfo|x64.ActiveCfg = RelWithDebInfo|x64
		{FB5B691E-D72D-3492-A576-B3DE1CCD6178}.RelWithDebInfo|x64.Build.0 = RelWithDebInfo|x64
	EndGlobalSection
	GlobalSection(NestedProjects) = preSolution
		{3F0D0CEE-579C-34C0-AA9C-34C75B9692DC} = {6259CB38-C7F1-34E9-A9E1-46AA58D6952F}
		{78D59B79-C3D9-3DDB-B6E2-6D8DAB393168} = {6259CB38-C7F1-34E9-A9E1-46AA58D6952F}
		{C2446B28-EC10-3A88-8150-D8B9C616A7D9} = {6259CB38-C7F1-34E9-A9E1-46AA58D6952F}
		{EC637FAD-9175-3214-B0D4-3C18E7749730} = {13A0BC44-63EE-3681-960E-D4D9B73D59F2}
		{3D4C9227-F1F1-3B35-860E-FD8C57624820} = {13A0BC44-63EE-3681-960E-D4D9B73D59F2}
		{8DFCBF52-966B-319C-8DAC-E7FD43D6B6FE} = {13A0BC44-63EE-3681-960E-D4D9B73D59F2}
		{C1F3692D-E315-3862-A601-8EF1F49C46A3} = {13A0BC44-63EE-3681-960E-D4D9B73D59F2}
		{CC090B2A-92B3-32AE-B41F-5CB79E7E0A2F} = {13A0BC44-63EE-3681-960E-D4D9B73D59F2}
		{131DB242-0934-35B2-B88C-196B50BE81B0} = {EC637FAD-9175-3214-B0D4-3C18E7749730}
		{29E77BF7-0B37-31BA-9BFB-647818A86B1B} = {EC637FAD-9175-3214-B0D4-3C18E7749730}
		{C1C75260-6524-3A1E-90C6-75CB28DDEC94} = {EC637FAD-9175-3214-B0D4-3C18E7749730}
		{BC9A5ECA-2D0A-342D-897C-CDB298403EDB} = {EC637FAD-9175-3214-B0D4-3C18E7749730}
		{9DA7652C-32EC-386E-AE06-4527AD51D7A3} = {EC637FAD-9175-3214-B0D4-3C18E7749730}
		{6CD0310A-6998-3A74-8FE4-DCC8C55D7467} = {EC637FAD-9175-3214-B0D4-3C18E7749730}
		{FE564E82-E28F-36E0-AE90-F79188977F02} = {EC637FAD-9175-3214-B0D4-3C18E7749730}
		{5C06478B-851A-3BA4-8932-C57526C796FC} = {EC637FAD-9175-3214-B0D4-3C18E7749730}
		{58D87197-659B-3ACB-AEC1-7DA230C63AC3} = {EC637FAD-9175-3214-B0D4-3C18E7749730}
		{87956AB6-9C75-3D53-9C9F-1A79F3302409} = {EC637FAD-9175-3214-B0D4-3C18E7749730}
		{FB5B691E-D72D-3492-A576-B3DE1CCD6178} = {EC637FAD-9175-3214-B0D4-3C18E7749730}
		{3BA6E9E5-665F-388F-817D-42F5E8B8916B} = {3D4C9227-F1F1-3B35-860E-FD8C57624820}
		{A3E0CE6F-D3AC-3BF2-A475-EB36A626D412} = {3D4C9227-F1F1-3B35-860E-FD8C57624820}
		{0ABCD0DB-F4D3-3CF5-8FFF-C1CDA95F33F2} = {3D4C9227-F1F1-3B35-860E-FD8C57624820}
		{A1F3F858-DCB9-3C2A-8BD1-9ECB64E94033} = {3D4C9227-F1F1-3B35-860E-FD8C57624820}
		{8184B033-8E6C-39F4-BB21-289575A6A433} = {3D4C9227-F1F1-3B35-860E-FD8C57624820}
		{F3A99E0A-64F4-30DD-A209-D18F40FFF089} = {3D4C9227-F1F1-3B35-860E-FD8C57624820}
		{E82FA2E7-CDC6-3EE4-94D3-D333B2464DC1} = {3D4C9227-F1F1-3B35-860E-FD8C57624820}
		{B8A18F00-C905-367C-BE68-CE249E94A564} = {3D4C9227-F1F1-3B35-860E-FD8C57624820}
		{415B7C1D-B5D0-3528-9EFE-4DDA7D7DC346} = {3D4C9227-F1F1-3B35-860E-FD8C57624820}
		{21D9F6F4-6B24-3945-ABA2-815CE22EFA5F} = {3D4C9227-F1F1-3B35-860E-FD8C57624820}
		{D4EB7561-DBFA-3027-ACD3-8AAA0AE1E6F4} = {3D4C9227-F1F1-3B35-860E-FD8C57624820}
		{9783BA9A-38A2-3A14-A243-5374E7AC6552} = {3D4C9227-F1F1-3B35-860E-FD8C57624820}
		{E40A5C6F-92DB-31BD-A730-E7B9B94E0CB8} = {3D4C9227-F1F1-3B35-860E-FD8C57624820}
		{3976EAF4-72DE-3FD0-8D88-E00C3A5A5F95} = {3D4C9227-F1F1-3B35-860E-FD8C57624820}
		{38E53FE1-1E5D-38CC-A3AF-10BEDE91A0FA} = {3D4C9227-F1F1-3B35-860E-FD8C57624820}
		{08E502EF-45A8-3EC3-9885-99F63B5CEC54} = {3D4C9227-F1F1-3B35-860E-FD8C57624820}
		{18774810-6E7D-3B7C-97CE-1F531BF43C50} = {3D4C9227-F1F1-3B35-860E-FD8C57624820}
		{B61F8904-1CFB-3109-A197-250A15DD5E30} = {3D4C9227-F1F1-3B35-860E-FD8C57624820}
		{1AEEBB9B-C534-3472-99C5-D79E1C7A955A} = {3D4C9227-F1F1-3B35-860E-FD8C57624820}
		{E542D2C7-6757-3D3E-B759-AB53ADC694B5} = {3D4C9227-F1F1-3B35-860E-FD8C57624820}
	EndGlobalSection
	GlobalSection(ExtensibilityGlobals) = postSolution
		SolutionGuid = {8DF3E5D3-39CD-3064-A93F-83CF577D2784}
	EndGlobalSection
	GlobalSection(ExtensibilityAddIns) = postSolution
	EndGlobalSection
EndGlobal
