<?xml version="1.0" encoding="utf-8"?>
<Project ToolsVersion="16.0" xmlns="http://schemas.microsoft.com/developer/msbuild/2003">
  <ItemGroup>
    <CustomBuild Include="D:\GitDemo\OpenGLTest\glfw-3.4-build\CMakeFiles\7879b093f219ec92f48fdbb1fedae932\generate.stamp.rule">
      <Filter>CMake Rules</Filter>
    </CustomBuild>
  </ItemGroup>
  <ItemGroup>
    <Filter Include="CMake Rules">
      <UniqueIdentifier>{EE91673D-E32B-3A93-ACD2-BD83D6DE3A70}</UniqueIdentifier>
    </Filter>
  </ItemGroup>
</Project>
