<?xml version="1.0" encoding="utf-8"?>
<Project ToolsVersion="16.0" xmlns="http://schemas.microsoft.com/developer/msbuild/2003">
  <ItemGroup>
    <CustomBuild Include="D:\GitDemo\OpenGLTest\glfw-3.4-build\CMakeFiles\944b3093403fa86a265844ebc140f43d\update_mappings.rule">
      <Filter>CMake Rules</Filter>
    </CustomBuild>
    <CustomBuild Include="D:\GitDemo\OpenGLTest\glfw-3.4\src\CMakeLists.txt" />
  </ItemGroup>
  <ItemGroup>
    <None Include="D:\GitDemo\OpenGLTest\glfw-3.4\src\mappings.h.in">
      <Filter>Header Files</Filter>
    </None>
    <None Include="D:\GitDemo\OpenGLTest\glfw-3.4\CMake\GenerateMappings.cmake" />
    <None Include="D:\GitDemo\OpenGLTest\glfw-3.4-build\src\CMakeFiles\update_mappings" />
  </ItemGroup>
  <ItemGroup>
    <Filter Include="CMake Rules">
      <UniqueIdentifier>{EE91673D-E32B-3A93-ACD2-BD83D6DE3A70}</UniqueIdentifier>
    </Filter>
    <Filter Include="Header Files">
      <UniqueIdentifier>{B4D403BB-CFB9-3C8D-B792-E15DC6BDA429}</UniqueIdentifier>
    </Filter>
  </ItemGroup>
</Project>
